# THIS IS AN AUTOGENERATED FILE. DO NOT EDIT THIS FILE DIRECTLY.
# yarn lockfile v1


tree@^0.1.3:
  version "0.1.3"
  resolved "http://registry.npm.taobao.org/tree/download/tree-0.1.3.tgz#14fba573d7853009c4ccef44f7409fac7162938f"
  dependencies:
    "0" underscore

underscore@:
  version "1.9.1"
  resolved "http://registry.npm.taobao.org/underscore/download/underscore-1.9.1.tgz#06dce34a0e68a7babc29b365b8e74b8925203961"
